
Microsoft Visual Studio Solution File, Format Version 12.00
# Visual Studio Version 17
VisualStudioVersion = 17.3.32819.101
MinimumVisualStudioVersion = 10.0.40219.1
Project("{9A19103F-16F7-4668-BE54-9A1E7A4F7556}") = "ThunderingTanks", "TGC.MonoGame.TP\ThunderingTanks.csproj", "{B72B2451-88F2-4BFA-A3CB-4A45C96B3F78}"
EndProject
Global
	GlobalSection(SolutionConfigurationPlatforms) = preSolution
		Debug|Any CPU = Debug|Any CPU
		Release|Any CPU = Release|Any CPU
	EndGlobalSection
	GlobalSection(ProjectConfigurationPlatforms) = postSolution
		{B72B2451-88F2-4BFA-A3CB-4A45C96B3F78}.Debug|Any CPU.ActiveCfg = Debug|Any CPU
		{B72B2451-88F2-4BFA-A3CB-4A45C96B3F78}.Debug|Any CPU.Build.0 = Debug|Any CPU
		{B72B2451-88F2-4BFA-A3CB-4A45C96B3F78}.Release|Any CPU.ActiveCfg = Release|Any CPU
		{B72B2451-88F2-4BFA-A3CB-4A45C96B3F78}.Release|Any CPU.Build.0 = Release|Any CPU
	EndGlobalSection
	GlobalSection(SolutionProperties) = preSolution
		HideSolutionNode = FALSE
	EndGlobalSection
	GlobalSection(ExtensibilityGlobals) = postSolution
		SolutionGuid = {9E41ABDE-D217-465F-A188-C633A1C910AF}
	EndGlobalSection
EndGlobal
